
Microsoft Visual Studio Solution File, Format Version 12.00
# Visual Studio 2013
VisualStudioVersion = 12.0.31101.0
MinimumVisualStudioVersion = 10.0.40219.1
Project("{FAE04EC0-301F-11D3-BF4B-00C04F79EFBC}") = "Abp.Samples.Blog.Core", "Abp.Samples.Blog.Core\Abp.Samples.Blog.Core.csproj", "{CF891696-558F-47E4-A092-28A2565B9310}"
EndProject
Project("{FAE04EC0-301F-11D3-BF4B-00C04F79EFBC}") = "Abp.Samples.Blog.EntityFramework", "Abp.Samples.Blog.EntityFramework\Abp.Samples.Blog.EntityFramework.csproj", "{737125E6-9615-4734-B6A7-9771843BC2FD}"
EndProject
Project("{FAE04EC0-301F-11D3-BF4B-00C04F79EFBC}") = "Abp.Samples.Blog.Application", "Abp.Samples.Blog.Application\Abp.Samples.Blog.Application.csproj", "{167E2EB1-C7A2-4182-93E7-C64230CED65D}"
EndProject
Project("{2150E333-8FDC-42A3-9474-1A3956D46DE8}") = "Tests", "Tests", "{40A07535-F28A-4A61-8462-A139B3D499DF}"
EndProject
Project("{FAE04EC0-301F-11D3-BF4B-00C04F79EFBC}") = "Abp.Samples.Blog.Tests", "Abp.Samples.Blog.Tests\Abp.Samples.Blog.Tests.csproj", "{0FD1B299-9019-4572-B106-902C2AD3DC93}"
EndProject
Global
	GlobalSection(SolutionConfigurationPlatforms) = preSolution
		Debug|Any CPU = Debug|Any CPU
		Release|Any CPU = Release|Any CPU
	EndGlobalSection
	GlobalSection(ProjectConfigurationPlatforms) = postSolution
		{CF891696-558F-47E4-A092-28A2565B9310}.Debug|Any CPU.ActiveCfg = Debug|Any CPU
		{CF891696-558F-47E4-A092-28A2565B9310}.Debug|Any CPU.Build.0 = Debug|Any CPU
		{CF891696-558F-47E4-A092-28A2565B9310}.Release|Any CPU.ActiveCfg = Release|Any CPU
		{CF891696-558F-47E4-A092-28A2565B9310}.Release|Any CPU.Build.0 = Release|Any CPU
		{737125E6-9615-4734-B6A7-9771843BC2FD}.Debug|Any CPU.ActiveCfg = Debug|Any CPU
		{737125E6-9615-4734-B6A7-9771843BC2FD}.Debug|Any CPU.Build.0 = Debug|Any CPU
		{737125E6-9615-4734-B6A7-9771843BC2FD}.Release|Any CPU.ActiveCfg = Release|Any CPU
		{737125E6-9615-4734-B6A7-9771843BC2FD}.Release|Any CPU.Build.0 = Release|Any CPU
		{167E2EB1-C7A2-4182-93E7-C64230CED65D}.Debug|Any CPU.ActiveCfg = Debug|Any CPU
		{167E2EB1-C7A2-4182-93E7-C64230CED65D}.Debug|Any CPU.Build.0 = Debug|Any CPU
		{167E2EB1-C7A2-4182-93E7-C64230CED65D}.Release|Any CPU.ActiveCfg = Release|Any CPU
		{167E2EB1-C7A2-4182-93E7-C64230CED65D}.Release|Any CPU.Build.0 = Release|Any CPU
		{0FD1B299-9019-4572-B106-902C2AD3DC93}.Debug|Any CPU.ActiveCfg = Debug|Any CPU
		{0FD1B299-9019-4572-B106-902C2AD3DC93}.Debug|Any CPU.Build.0 = Debug|Any CPU
		{0FD1B299-9019-4572-B106-902C2AD3DC93}.Release|Any CPU.ActiveCfg = Release|Any CPU
		{0FD1B299-9019-4572-B106-902C2AD3DC93}.Release|Any CPU.Build.0 = Release|Any CPU
	EndGlobalSection
	GlobalSection(SolutionProperties) = preSolution
		HideSolutionNode = FALSE
	EndGlobalSection
	GlobalSection(NestedProjects) = preSolution
		{0FD1B299-9019-4572-B106-902C2AD3DC93} = {40A07535-F28A-4A61-8462-A139B3D499DF}
	EndGlobalSection
EndGlobal
